
Microsoft Visual Studio Solution File, Format Version 12.00
# Visual Studio Version 17
VisualStudioVersion = 17.13.35507.96 d17.13
MinimumVisualStudioVersion = 10.0.40219.1
Project("{FAE04EC0-301F-11D3-BF4B-00C04F79EFBC}") = "Engine", "Engine\Engine.csproj", "{6BAD0FFC-0479-4E52-A5F8-B9955BF174DB}"
EndProject
Project("{FAE04EC0-301F-11D3-BF4B-00C04F79EFBC}") = "Engine.Domain", "Engine.Domain\Engine.Domain.csproj", "{8AB9112D-0AAF-4EAC-8A31-AD04BC0CC73E}"
EndProject
Project("{FAE04EC0-301F-11D3-BF4B-00C04F79EFBC}") = "Engine.Dal", "Engine.Dal\Engine.Dal.csproj", "{4B1B975C-0EC7-473F-A97A-CB334D74A260}"
EndProject
Project("{FAE04EC0-301F-11D3-BF4B-00C04F79EFBC}") = "Engine.Tests", "Engine.Tests\Engine.Tests.csproj", "{8740957C-0E97-4CA3-BD3C-40B3EEDE86EF}"
EndProject
Project("{FAE04EC0-301F-11D3-BF4B-00C04F79EFBC}") = "Engine.App", "Engine.App\Engine.App.csproj", "{3B298C19-E9A3-47B0-9E5D-4D741DE2773F}"
EndProject
Global
	GlobalSection(SolutionConfigurationPlatforms) = preSolution
		Debug|Any CPU = Debug|Any CPU
		Release|Any CPU = Release|Any CPU
	EndGlobalSection
	GlobalSection(ProjectConfigurationPlatforms) = postSolution
		{6BAD0FFC-0479-4E52-A5F8-B9955BF174DB}.Debug|Any CPU.ActiveCfg = Debug|Any CPU
		{6BAD0FFC-0479-4E52-A5F8-B9955BF174DB}.Debug|Any CPU.Build.0 = Debug|Any CPU
		{6BAD0FFC-0479-4E52-A5F8-B9955BF174DB}.Release|Any CPU.ActiveCfg = Release|Any CPU
		{6BAD0FFC-0479-4E52-A5F8-B9955BF174DB}.Release|Any CPU.Build.0 = Release|Any CPU
		{8AB9112D-0AAF-4EAC-8A31-AD04BC0CC73E}.Debug|Any CPU.ActiveCfg = Debug|Any CPU
		{8AB9112D-0AAF-4EAC-8A31-AD04BC0CC73E}.Debug|Any CPU.Build.0 = Debug|Any CPU
		{8AB9112D-0AAF-4EAC-8A31-AD04BC0CC73E}.Release|Any CPU.ActiveCfg = Release|Any CPU
		{8AB9112D-0AAF-4EAC-8A31-AD04BC0CC73E}.Release|Any CPU.Build.0 = Release|Any CPU
		{4B1B975C-0EC7-473F-A97A-CB334D74A260}.Debug|Any CPU.ActiveCfg = Debug|Any CPU
		{4B1B975C-0EC7-473F-A97A-CB334D74A260}.Debug|Any CPU.Build.0 = Debug|Any CPU
		{4B1B975C-0EC7-473F-A97A-CB334D74A260}.Release|Any CPU.ActiveCfg = Release|Any CPU
		{4B1B975C-0EC7-473F-A97A-CB334D74A260}.Release|Any CPU.Build.0 = Release|Any CPU
		{8740957C-0E97-4CA3-BD3C-40B3EEDE86EF}.Debug|Any CPU.ActiveCfg = Debug|Any CPU
		{8740957C-0E97-4CA3-BD3C-40B3EEDE86EF}.Debug|Any CPU.Build.0 = Debug|Any CPU
		{8740957C-0E97-4CA3-BD3C-40B3EEDE86EF}.Release|Any CPU.ActiveCfg = Release|Any CPU
		{8740957C-0E97-4CA3-BD3C-40B3EEDE86EF}.Release|Any CPU.Build.0 = Release|Any CPU
		{3B298C19-E9A3-47B0-9E5D-4D741DE2773F}.Debug|Any CPU.ActiveCfg = Debug|Any CPU
		{3B298C19-E9A3-47B0-9E5D-4D741DE2773F}.Debug|Any CPU.Build.0 = Debug|Any CPU
		{3B298C19-E9A3-47B0-9E5D-4D741DE2773F}.Release|Any CPU.ActiveCfg = Release|Any CPU
		{3B298C19-E9A3-47B0-9E5D-4D741DE2773F}.Release|Any CPU.Build.0 = Release|Any CPU
	EndGlobalSection
	GlobalSection(SolutionProperties) = preSolution
		HideSolutionNode = FALSE
	EndGlobalSection
	GlobalSection(ExtensibilityGlobals) = postSolution
		SolutionGuid = {919AC907-D302-44AB-9182-F953BDCD43F3}
	EndGlobalSection
EndGlobal
